
Microsoft Visual Studio Solution File, Format Version 12.00
# Visual Studio 14
VisualStudioVersion = 14.0.25420.1
MinimumVisualStudioVersion = 10.0.40219.1
Project("{2150E333-8FDC-42A3-9474-1A3956D46DE8}") = "src", "src", "{4FEC94A3-DDAC-4D55-BB76-976D4345C1B1}"
EndProject
Project("{2150E333-8FDC-42A3-9474-1A3956D46DE8}") = "Solution Items", "Solution Items", "{1689EACE-2C5F-4884-9CB3-6178A6FD165F}"
	ProjectSection(SolutionItems) = preProject
		global.json = global.json
	EndProjectSection
EndProject
Project("{8BB2217D-0F2D-49D1-97BC-3654ED321F3B}") = "MatrixRotatorWebApplication", "src\MatrixRotatorWebApplication\MatrixRotatorWebApplication.xproj", "{020BC2D8-CDED-4888-8762-CE0829AFA34D}"
EndProject
Global
	GlobalSection(SolutionConfigurationPlatforms) = preSolution
		Debug|Any CPU = Debug|Any CPU
		Release|Any CPU = Release|Any CPU
	EndGlobalSection
	GlobalSection(ProjectConfigurationPlatforms) = postSolution
		{020BC2D8-CDED-4888-8762-CE0829AFA34D}.Debug|Any CPU.ActiveCfg = Debug|Any CPU
		{020BC2D8-CDED-4888-8762-CE0829AFA34D}.Debug|Any CPU.Build.0 = Debug|Any CPU
		{020BC2D8-CDED-4888-8762-CE0829AFA34D}.Release|Any CPU.ActiveCfg = Release|Any CPU
		{020BC2D8-CDED-4888-8762-CE0829AFA34D}.Release|Any CPU.Build.0 = Release|Any CPU
	EndGlobalSection
	GlobalSection(SolutionProperties) = preSolution
		HideSolutionNode = FALSE
	EndGlobalSection
	GlobalSection(NestedProjects) = preSolution
		{020BC2D8-CDED-4888-8762-CE0829AFA34D} = {4FEC94A3-DDAC-4D55-BB76-976D4345C1B1}
	EndGlobalSection
EndGlobal
