
Microsoft Visual Studio Solution File, Format Version 12.00
# Visual Studio 15
VisualStudioVersion = 15.0.26228.9
MinimumVisualStudioVersion = 10.0.40219.1
Project("{2150E333-8FDC-42A3-9474-1A3956D46DE8}") = "src", "src", "{4FEC94A3-DDAC-4D55-BB76-976D4345C1B1}"
EndProject
Project("{2150E333-8FDC-42A3-9474-1A3956D46DE8}") = "Solution Items", "Solution Items", "{1689EACE-2C5F-4884-9CB3-6178A6FD165F}"
EndProject
Project("{9A19103F-16F7-4668-BE54-9A1E7A4F7556}") = "MatrixRotatorWebApplication", "src\MatrixRotatorWebApplication\MatrixRotatorWebApplication.csproj", "{020BC2D8-CDED-4888-8762-CE0829AFA34D}"
EndProject
Project("{9A19103F-16F7-4668-BE54-9A1E7A4F7556}") = "MatrixRotator", "MatrixRotator\MatrixRotator.csproj", "{6DF15AC7-11A7-48F5-8706-A8789B051804}"
EndProject
Project("{FAE04EC0-301F-11D3-BF4B-00C04F79EFBC}") = "MatrixRotator.Tests", "MatrixRotator.Tests\MatrixRotator.Tests.csproj", "{1B8B6D66-184C-4520-9C53-AEE6E5561058}"
EndProject
Global
	GlobalSection(SolutionConfigurationPlatforms) = preSolution
		Debug|Any CPU = Debug|Any CPU
		Release|Any CPU = Release|Any CPU
	EndGlobalSection
	GlobalSection(ProjectConfigurationPlatforms) = postSolution
		{020BC2D8-CDED-4888-8762-CE0829AFA34D}.Debug|Any CPU.ActiveCfg = Debug|Any CPU
		{020BC2D8-CDED-4888-8762-CE0829AFA34D}.Debug|Any CPU.Build.0 = Debug|Any CPU
		{020BC2D8-CDED-4888-8762-CE0829AFA34D}.Release|Any CPU.ActiveCfg = Release|Any CPU
		{020BC2D8-CDED-4888-8762-CE0829AFA34D}.Release|Any CPU.Build.0 = Release|Any CPU
		{6DF15AC7-11A7-48F5-8706-A8789B051804}.Debug|Any CPU.ActiveCfg = Debug|Any CPU
		{6DF15AC7-11A7-48F5-8706-A8789B051804}.Debug|Any CPU.Build.0 = Debug|Any CPU
		{6DF15AC7-11A7-48F5-8706-A8789B051804}.Release|Any CPU.ActiveCfg = Release|Any CPU
		{6DF15AC7-11A7-48F5-8706-A8789B051804}.Release|Any CPU.Build.0 = Release|Any CPU
		{1B8B6D66-184C-4520-9C53-AEE6E5561058}.Debug|Any CPU.ActiveCfg = Debug|Any CPU
		{1B8B6D66-184C-4520-9C53-AEE6E5561058}.Debug|Any CPU.Build.0 = Debug|Any CPU
		{1B8B6D66-184C-4520-9C53-AEE6E5561058}.Release|Any CPU.ActiveCfg = Release|Any CPU
		{1B8B6D66-184C-4520-9C53-AEE6E5561058}.Release|Any CPU.Build.0 = Release|Any CPU
	EndGlobalSection
	GlobalSection(SolutionProperties) = preSolution
		HideSolutionNode = FALSE
	EndGlobalSection
	GlobalSection(NestedProjects) = preSolution
		{020BC2D8-CDED-4888-8762-CE0829AFA34D} = {4FEC94A3-DDAC-4D55-BB76-976D4345C1B1}
		{6DF15AC7-11A7-48F5-8706-A8789B051804} = {4FEC94A3-DDAC-4D55-BB76-976D4345C1B1}
	EndGlobalSection
EndGlobal
